
Microsoft Visual Studio Solution File, Format Version 12.00
# Visual Studio Version 17
VisualStudioVersion = 17.9.34728.123
MinimumVisualStudioVersion = 10.0.40219.1
Project("{9A19103F-16F7-4668-BE54-9A1E7A4F7556}") = "Libreria", "Libreria.csproj", "{4D677BE8-3282-49F2-BF3B-98FA6C1628B2}"
EndProject
Global
	GlobalSection(SolutionConfigurationPlatforms) = preSolution
		Debug|Any CPU = Debug|Any CPU
		Release|Any CPU = Release|Any CPU
	EndGlobalSection
	GlobalSection(ProjectConfigurationPlatforms) = postSolution
		{4D677BE8-3282-49F2-BF3B-98FA6C1628B2}.Debug|Any CPU.ActiveCfg = Debug|Any CPU
		{4D677BE8-3282-49F2-BF3B-98FA6C1628B2}.Debug|Any CPU.Build.0 = Debug|Any CPU
		{4D677BE8-3282-49F2-BF3B-98FA6C1628B2}.Release|Any CPU.ActiveCfg = Release|Any CPU
		{4D677BE8-3282-49F2-BF3B-98FA6C1628B2}.Release|Any CPU.Build.0 = Release|Any CPU
	EndGlobalSection
	GlobalSection(SolutionProperties) = preSolution
		HideSolutionNode = FALSE
	EndGlobalSection
	GlobalSection(ExtensibilityGlobals) = postSolution
		SolutionGuid = {77808A53-8EAE-4BF2-8B31-80079DAC4339}
	EndGlobalSection
EndGlobal
